{
  "version": "4",
  "redirects": {
    "https://deno.land/x/validasaur/mod.ts": "https://deno.land/x/validasaur@v0.15.0/mod.ts"
  },
  "remote": {
    "https://deno.land/std@0.114.0/async/deadline.ts": "1d6ac7aeaee22f75eb86e4e105d6161118aad7b41ae2dd14f4cfd3bf97472b93",
    "https://deno.land/std@0.114.0/async/debounce.ts": "b2f693e4baa16b62793fd618de6c003b63228db50ecfe3bd51fc5f6dc0bc264b",
    "https://deno.land/std@0.114.0/async/deferred.ts": "ab60d46ba561abb3b13c0c8085d05797a384b9f182935f051dc67136817acdee",
    "https://deno.land/std@0.114.0/async/delay.ts": "f2d8ccaa8ebc26594bd8b0989edfd8a96257a714c1dee2fb54d986e5bdd840ac",
    "https://deno.land/std@0.114.0/async/mod.ts": "78425176fabea7bd1046ce3819fd69ce40da85c83e0f174d17e8e224a91f7d10",
    "https://deno.land/std@0.114.0/async/mux_async_iterator.ts": "62abff3af9ff619e8f2adc96fc70d4ca020fa48a50c23c13f12d02ed2b760dbe",
    "https://deno.land/std@0.114.0/async/pool.ts": "353ce4f91865da203a097aa6f33de8966340c91b6f4a055611c8c5d534afd12f",
    "https://deno.land/std@0.114.0/async/tee.ts": "3e9f2ef6b36e55188de16a667c702ace4ad0cf84e3720379160e062bf27348ad",
    "https://deno.land/std@0.114.0/http/server.ts": "46f616eac1ca0ea7b9fce97102d185a3d97ae7d7d3bbd635b74cefe05ed1cb37",
    "https://deno.land/x/validasaur@v0.15.0/mod.ts": "0753bce6aa757a1dbc59592ad54e36cba97cd6588e777183cc5cee35b37261a8",
    "https://deno.land/x/validasaur@v0.15.0/src/interfaces.ts": "81f30c34b563f08b384b39fc91a2eef2a81c5c3445e380a1229ea92f400bd410",
    "https://deno.land/x/validasaur@v0.15.0/src/messages.ts": "00b32752737e973e9b6dd4a90ec0a066fe5af48a592c348ce05da093be90869b",
    "https://deno.land/x/validasaur@v0.15.0/src/rules.ts": "bda84df706e25957dfe66d19cb291ad0ff3a6bf32a4ae5fec6613d02f0b460d7",
    "https://deno.land/x/validasaur@v0.15.0/src/rules/date_after.ts": "87372bfba74286f53b786cbef37db7e4d68ececfedbbeb1a03313a70816c1767",
    "https://deno.land/x/validasaur@v0.15.0/src/rules/date_after_or_equal.ts": "8765337c31a14c11df5cf9db765c375079919e31f14509dd49ca013b9868e2d3",
    "https://deno.land/x/validasaur@v0.15.0/src/rules/date_before.ts": "c654a5c0f03898a8324824187dcccbe0fc8b4ef85192a2e506a33b02b99af921",
    "https://deno.land/x/validasaur@v0.15.0/src/rules/date_before_or_equal.ts": "dddccf6359e75e9ef8bfff41d6b4e461b85301c19169d02e8953072c9caa52b0",
    "https://deno.land/x/validasaur@v0.15.0/src/rules/date_between.ts": "266c75ddb288327cba2e38a60ff768fec12d9a620302408ce91aa96b3331b9e0",
    "https://deno.land/x/validasaur@v0.15.0/src/rules/either.ts": "3297f3c9fe19dec5fc86a5f8d1f0b0a5930c357e2c4a4ca6a74dcac74c0c2c05",
    "https://deno.land/x/validasaur@v0.15.0/src/rules/ends_with.ts": "eee020606b025ba9a5a1df5ae271a7a323448495e6dc5382e141b364e040ee61",
    "https://deno.land/x/validasaur@v0.15.0/src/rules/is_array.ts": "0affcc5a12d7d324fd9ffbe2a8a336207e2c63d0e2d76dda7dfdb96eaa2c415f",
    "https://deno.land/x/validasaur@v0.15.0/src/rules/is_bool.ts": "8985e7675336ced7795f1f77c181c0eef060e6628d4483717fa634bd0ee53ab8",
    "https://deno.land/x/validasaur@v0.15.0/src/rules/is_date.ts": "7a08c19d2d8c115638acf4f8abd7918b35025cb9ba84228dec27594cc50028df",
    "https://deno.land/x/validasaur@v0.15.0/src/rules/is_email.ts": "7aa152067da0326fab08d6facef6ab42ab5979016582609d0792719372fafe8c",
    "https://deno.land/x/validasaur@v0.15.0/src/rules/is_float.ts": "3a700eabab6e85708e62be0f6b5f36e675fe2a10a367def8d5d436e2ad627bd8",
    "https://deno.land/x/validasaur@v0.15.0/src/rules/is_in.ts": "f012257894012dc2b417da16d61f771ccfbfc5cadc0c9fd5a2c531457f54af94",
    "https://deno.land/x/validasaur@v0.15.0/src/rules/is_int.ts": "720a8651658223363d3667eb7b131e39ce66c6b33474dc2e615ae7751edd49dc",
    "https://deno.land/x/validasaur@v0.15.0/src/rules/is_ipv4.ts": "97eab075f507abf527330f383ca7f19e9ae03e9cd31a9ee91a032a12b5d43f67",
    "https://deno.land/x/validasaur@v0.15.0/src/rules/is_ipv6.ts": "27ef5b36ebb9a4e4b2ad99b670b56c82b3620cccef81db9ddaf5160fc98b9663",
    "https://deno.land/x/validasaur@v0.15.0/src/rules/is_number.ts": "052caf27f1ba864355988788e76e1fdaebb2c213f4ca70e18959d4ab76a2e796",
    "https://deno.land/x/validasaur@v0.15.0/src/rules/is_numeric.ts": "1c7150d7ef72e7ec07fd1901c705d097bf6e42785bf552e3e45a6915a6518cb0",
    "https://deno.land/x/validasaur@v0.15.0/src/rules/is_string.ts": "f1e746ff82a528757e9aa29a359592164f5c1281c672d3bd3af79c60f940015a",
    "https://deno.land/x/validasaur@v0.15.0/src/rules/length_between.ts": "172ccec9a48764cc4a5e1bab73631d11376ea9b198b36d2be0fb9c332a85af59",
    "https://deno.land/x/validasaur@v0.15.0/src/rules/match.ts": "f77dce3bb91accda34cce8902ece104153dff0f0a567290560dcb6eae061299c",
    "https://deno.land/x/validasaur@v0.15.0/src/rules/max_length.ts": "4190065445d0765f3eb4e4489417899b45933f3104ab8a4b431faa652844b560",
    "https://deno.land/x/validasaur@v0.15.0/src/rules/max_number.ts": "983ac1b43fc58a5cab2ae0fc45e482322f0235daaeeb4c3d7a2222c4737bbf63",
    "https://deno.land/x/validasaur@v0.15.0/src/rules/min_length.ts": "684929b65f6d46aa13b317d732d0f5077f4e88eb888216ceef33bc7fdccd6f24",
    "https://deno.land/x/validasaur@v0.15.0/src/rules/min_number.ts": "3360d7ec8b191633bfab9ce17c9d24b7eeb31a1f791e5fb6b9fedf3af50435e0",
    "https://deno.land/x/validasaur@v0.15.0/src/rules/not_in.ts": "a796f33f12887f3881f235380b2ef0f7d2cf67dc21a0b3cc492f49051c60af5a",
    "https://deno.land/x/validasaur@v0.15.0/src/rules/not_null.ts": "ae57aab9e0ff7818ba214061032d2918e3d1900c1bfc492edfd2c0817af11e8b",
    "https://deno.land/x/validasaur@v0.15.0/src/rules/nullable.ts": "b7b4f9a3c9d3dc6aff89bc3acaf8f6507ba512de0607868bcdbb2788d5fae804",
    "https://deno.land/x/validasaur@v0.15.0/src/rules/number_between.ts": "171037b8f785eeea6b1dd22dc5c6000bffd46912a09e0325d1ca7f341a5a4591",
    "https://deno.land/x/validasaur@v0.15.0/src/rules/required.ts": "3ae87569f301b07f48f4e1c32b37274e3084d92035f6eeca2ad3e8fdf7c2f63b",
    "https://deno.land/x/validasaur@v0.15.0/src/rules/required_if.ts": "7e37332fa5a23a1558aae4867a8484b2b413c1a7ad2f90b5424ab8631046f2e2",
    "https://deno.land/x/validasaur@v0.15.0/src/rules/required_unless.ts": "0d6af590b9e9c34147a02fe206cb94fa1e3c3fcd251fa19ae973b153b256162c",
    "https://deno.land/x/validasaur@v0.15.0/src/rules/required_when.ts": "caf2c3d5937672309d7d690198ee1a1e3fb244d17563d02e1fbaae1bc2497774",
    "https://deno.land/x/validasaur@v0.15.0/src/rules/starts_with.ts": "31b92152ce9cb650ba7ded96f4969e6626e11d7007ab286edb1b5a0f35a71e71",
    "https://deno.land/x/validasaur@v0.15.0/src/rules/validate_array.ts": "9a74d748cc8a1d59aa5edd2fcade452bc701c3c48b366164b9216ffaf9ed3331",
    "https://deno.land/x/validasaur@v0.15.0/src/rules/validate_object.ts": "396ee422f35295ee1f96a7937bcaed07cb580480502782b73554b1c92f908235",
    "https://deno.land/x/validasaur@v0.15.0/src/types.ts": "b7dec9b9f89b2fcb9984f8082a379174495e4d009743320f714cfb4ad9296cbe",
    "https://deno.land/x/validasaur@v0.15.0/src/utils.ts": "7a6b8d2a320288890e931aa89baaaffa931bc3eabf118eac968d82f118021b50",
    "https://deno.land/x/validasaur@v0.15.0/src/validate.ts": "d3b021e3aa982de4d03981459f4622a7438d9d3fd213cf27deb193e4c3012dfa"
  },
  "workspace": {
    "dependencies": [
      "jsr:@std/assert@1"
    ]
  }
}
